
Microsoft Visual Studio Solution File, Format Version 12.00
# Visual Studio Version 16
VisualStudioVersion = 16.0.30611.23
MinimumVisualStudioVersion = 10.0.40219.1
Project("{9A19103F-16F7-4668-BE54-9A1E7A4F7556}") = "geckoBot", "geckoBot\geckoBot.csproj", "{CE9B7226-B00F-4523-B8E8-EC5DA30E686F}"
EndProject
Global
	GlobalSection(SolutionConfigurationPlatforms) = preSolution
		Debug|Any CPU = Debug|Any CPU
		Release|Any CPU = Release|Any CPU
	EndGlobalSection
	GlobalSection(ProjectConfigurationPlatforms) = postSolution
		{CE9B7226-B00F-4523-B8E8-EC5DA30E686F}.Debug|Any CPU.ActiveCfg = Release|Any CPU
		{CE9B7226-B00F-4523-B8E8-EC5DA30E686F}.Debug|Any CPU.Build.0 = Release|Any CPU
		{CE9B7226-B00F-4523-B8E8-EC5DA30E686F}.Release|Any CPU.ActiveCfg = Release|Any CPU
		{CE9B7226-B00F-4523-B8E8-EC5DA30E686F}.Release|Any CPU.Build.0 = Release|Any CPU
	EndGlobalSection
	GlobalSection(SolutionProperties) = preSolution
		HideSolutionNode = FALSE
	EndGlobalSection
	GlobalSection(ExtensibilityGlobals) = postSolution
		SolutionGuid = {C1220964-6F07-44D4-A4BB-DB424A39C537}
	EndGlobalSection
EndGlobal
