
Microsoft Visual Studio Solution File, Format Version 12.00
# Visual Studio Version 16
VisualStudioVersion = 16.0.31112.23
MinimumVisualStudioVersion = 10.0.40219.1
Project("{FAE04EC0-301F-11D3-BF4B-00C04F79EFBC}") = "qeckoBot", "qeckoBot.csproj", "{1F4369E5-14F1-46D5-9C00-3B7FD47FBF7D}"
EndProject
Global
	GlobalSection(SolutionConfigurationPlatforms) = preSolution
		Debug|Any CPU = Debug|Any CPU
		Release|Any CPU = Release|Any CPU
	EndGlobalSection
	GlobalSection(ProjectConfigurationPlatforms) = postSolution
		{1F4369E5-14F1-46D5-9C00-3B7FD47FBF7D}.Debug|Any CPU.ActiveCfg = Debug|Any CPU
		{1F4369E5-14F1-46D5-9C00-3B7FD47FBF7D}.Debug|Any CPU.Build.0 = Debug|Any CPU
		{1F4369E5-14F1-46D5-9C00-3B7FD47FBF7D}.Release|Any CPU.ActiveCfg = Release|Any CPU
		{1F4369E5-14F1-46D5-9C00-3B7FD47FBF7D}.Release|Any CPU.Build.0 = Release|Any CPU
	EndGlobalSection
	GlobalSection(SolutionProperties) = preSolution
		HideSolutionNode = FALSE
	EndGlobalSection
	GlobalSection(ExtensibilityGlobals) = postSolution
		SolutionGuid = {3109CCAF-959E-4ED7-823E-53098B10B0FC}
	EndGlobalSection
EndGlobal
